
Microsoft Visual Studio Solution File, Format Version 12.00
# Visual Studio Version 16
VisualStudioVersion = 16.0.32002.261
MinimumVisualStudioVersion = 10.0.40219.1
Project("{9A19103F-16F7-4668-BE54-9A1E7A4F7556}") = "Bowler_MySQL", "Bowler_MySQL.csproj", "{7E11BDA9-9F72-48E7-B4B0-F34754B5A0AD}"
EndProject
Global
	GlobalSection(SolutionConfigurationPlatforms) = preSolution
		Debug|Any CPU = Debug|Any CPU
		Release|Any CPU = Release|Any CPU
	EndGlobalSection
	GlobalSection(ProjectConfigurationPlatforms) = postSolution
		{7E11BDA9-9F72-48E7-B4B0-F34754B5A0AD}.Debug|Any CPU.ActiveCfg = Debug|Any CPU
		{7E11BDA9-9F72-48E7-B4B0-F34754B5A0AD}.Debug|Any CPU.Build.0 = Debug|Any CPU
		{7E11BDA9-9F72-48E7-B4B0-F34754B5A0AD}.Release|Any CPU.ActiveCfg = Release|Any CPU
		{7E11BDA9-9F72-48E7-B4B0-F34754B5A0AD}.Release|Any CPU.Build.0 = Release|Any CPU
	EndGlobalSection
	GlobalSection(SolutionProperties) = preSolution
		HideSolutionNode = FALSE
	EndGlobalSection
	GlobalSection(ExtensibilityGlobals) = postSolution
		SolutionGuid = {DE974401-06E9-4C95-9AEF-44CB16D419A4}
	EndGlobalSection
EndGlobal
